
Microsoft Visual Studio Solution File, Format Version 12.00
# Visual Studio 14
VisualStudioVersion = 14.0.25420.1
MinimumVisualStudioVersion = 10.0.40219.1
Project("{FAE04EC0-301F-11D3-BF4B-00C04F79EFBC}") = "01.ReversedString", "01.ReversedString\01.ReversedString.csproj", "{6CFA6B45-29E1-4D82-9EA1-54DF48B62ED2}"
EndProject
Project("{FAE04EC0-301F-11D3-BF4B-00C04F79EFBC}") = "02.CountSubstringOccurrences", "02.CountSubstringOccurrences\02.CountSubstringOccurrences.csproj", "{E71FF31B-35DA-492A-BBC8-76DF326D5074}"
EndProject
Global
	GlobalSection(SolutionConfigurationPlatforms) = preSolution
		Debug|Any CPU = Debug|Any CPU
		Release|Any CPU = Release|Any CPU
	EndGlobalSection
	GlobalSection(ProjectConfigurationPlatforms) = postSolution
		{6CFA6B45-29E1-4D82-9EA1-54DF48B62ED2}.Debug|Any CPU.ActiveCfg = Debug|Any CPU
		{6CFA6B45-29E1-4D82-9EA1-54DF48B62ED2}.Debug|Any CPU.Build.0 = Debug|Any CPU
		{6CFA6B45-29E1-4D82-9EA1-54DF48B62ED2}.Release|Any CPU.ActiveCfg = Release|Any CPU
		{6CFA6B45-29E1-4D82-9EA1-54DF48B62ED2}.Release|Any CPU.Build.0 = Release|Any CPU
		{E71FF31B-35DA-492A-BBC8-76DF326D5074}.Debug|Any CPU.ActiveCfg = Debug|Any CPU
		{E71FF31B-35DA-492A-BBC8-76DF326D5074}.Debug|Any CPU.Build.0 = Debug|Any CPU
		{E71FF31B-35DA-492A-BBC8-76DF326D5074}.Release|Any CPU.ActiveCfg = Release|Any CPU
		{E71FF31B-35DA-492A-BBC8-76DF326D5074}.Release|Any CPU.Build.0 = Release|Any CPU
	EndGlobalSection
	GlobalSection(SolutionProperties) = preSolution
		HideSolutionNode = FALSE
	EndGlobalSection
EndGlobal
