
Microsoft Visual Studio Solution File, Format Version 12.00
# Visual Studio 14
VisualStudioVersion = 14.0.25420.1
MinimumVisualStudioVersion = 10.0.40219.1
Project("{FAE04EC0-301F-11D3-BF4B-00C04F79EFBC}") = "01.CountRealNumbers", "01.CountRealNumbers\01.CountRealNumbers.csproj", "{9D4C5985-0E27-48E7-87AE-D9219DE6A95F}"
EndProject
Project("{FAE04EC0-301F-11D3-BF4B-00C04F79EFBC}") = "02.OddOccurrences", "02.OddOccurrences\02.OddOccurrences.csproj", "{EBC7CCD9-2B79-4F6E-9306-6D5108B18C59}"
EndProject
Project("{FAE04EC0-301F-11D3-BF4B-00C04F79EFBC}") = "ex01.LetterRepetition", "ex01.1.LetterRepetition\ex01.LetterRepetition.csproj", "{B9998724-E9EB-4DA3-A96F-1253B18810BC}"
EndProject
Global
	GlobalSection(SolutionConfigurationPlatforms) = preSolution
		Debug|Any CPU = Debug|Any CPU
		Release|Any CPU = Release|Any CPU
	EndGlobalSection
	GlobalSection(ProjectConfigurationPlatforms) = postSolution
		{9D4C5985-0E27-48E7-87AE-D9219DE6A95F}.Debug|Any CPU.ActiveCfg = Debug|Any CPU
		{9D4C5985-0E27-48E7-87AE-D9219DE6A95F}.Debug|Any CPU.Build.0 = Debug|Any CPU
		{9D4C5985-0E27-48E7-87AE-D9219DE6A95F}.Release|Any CPU.ActiveCfg = Release|Any CPU
		{9D4C5985-0E27-48E7-87AE-D9219DE6A95F}.Release|Any CPU.Build.0 = Release|Any CPU
		{EBC7CCD9-2B79-4F6E-9306-6D5108B18C59}.Debug|Any CPU.ActiveCfg = Debug|Any CPU
		{EBC7CCD9-2B79-4F6E-9306-6D5108B18C59}.Debug|Any CPU.Build.0 = Debug|Any CPU
		{EBC7CCD9-2B79-4F6E-9306-6D5108B18C59}.Release|Any CPU.ActiveCfg = Release|Any CPU
		{EBC7CCD9-2B79-4F6E-9306-6D5108B18C59}.Release|Any CPU.Build.0 = Release|Any CPU
		{B9998724-E9EB-4DA3-A96F-1253B18810BC}.Debug|Any CPU.ActiveCfg = Debug|Any CPU
		{B9998724-E9EB-4DA3-A96F-1253B18810BC}.Debug|Any CPU.Build.0 = Debug|Any CPU
		{B9998724-E9EB-4DA3-A96F-1253B18810BC}.Release|Any CPU.ActiveCfg = Release|Any CPU
		{B9998724-E9EB-4DA3-A96F-1253B18810BC}.Release|Any CPU.Build.0 = Release|Any CPU
	EndGlobalSection
	GlobalSection(SolutionProperties) = preSolution
		HideSolutionNode = FALSE
	EndGlobalSection
EndGlobal
