
Microsoft Visual Studio Solution File, Format Version 12.00
# Visual Studio 14
VisualStudioVersion = 14.0.25420.1
MinimumVisualStudioVersion = 10.0.40219.1
Project("{FAE04EC0-301F-11D3-BF4B-00C04F79EFBC}") = "01.DayOfWeek", "01.DayOfWeek\01.DayOfWeek.csproj", "{989888EB-52DD-48E8-90EB-A583B1F77705}"
EndProject
Project("{FAE04EC0-301F-11D3-BF4B-00C04F79EFBC}") = "02.RandomizeWords", "02.RandomizeWords\02.RandomizeWords.csproj", "{4C5EBB01-0CEC-4F6C-9674-1CF8895E53DE}"
EndProject
Project("{FAE04EC0-301F-11D3-BF4B-00C04F79EFBC}") = "03.BigFactorial", "03.BigFactorial\03.BigFactorial.csproj", "{EF6F8EF8-0084-4D11-B002-AAC10C469CBD}"
EndProject
Project("{FAE04EC0-301F-11D3-BF4B-00C04F79EFBC}") = "04.DistanceBetweenPoints", "04.DistanceBetweenPoints\04.DistanceBetweenPoints.csproj", "{A962E4B4-28A8-43B0-87FC-9F49E5569D68}"
EndProject
Project("{FAE04EC0-301F-11D3-BF4B-00C04F79EFBC}") = "05.ClosestTwoPoints", "05.ClosestTwoPoints\05.ClosestTwoPoints.csproj", "{A76E58D8-BF74-4FE5-A27A-713CFA641D2F}"
EndProject
Global
	GlobalSection(SolutionConfigurationPlatforms) = preSolution
		Debug|Any CPU = Debug|Any CPU
		Release|Any CPU = Release|Any CPU
	EndGlobalSection
	GlobalSection(ProjectConfigurationPlatforms) = postSolution
		{989888EB-52DD-48E8-90EB-A583B1F77705}.Debug|Any CPU.ActiveCfg = Debug|Any CPU
		{989888EB-52DD-48E8-90EB-A583B1F77705}.Debug|Any CPU.Build.0 = Debug|Any CPU
		{989888EB-52DD-48E8-90EB-A583B1F77705}.Release|Any CPU.ActiveCfg = Release|Any CPU
		{989888EB-52DD-48E8-90EB-A583B1F77705}.Release|Any CPU.Build.0 = Release|Any CPU
		{4C5EBB01-0CEC-4F6C-9674-1CF8895E53DE}.Debug|Any CPU.ActiveCfg = Debug|Any CPU
		{4C5EBB01-0CEC-4F6C-9674-1CF8895E53DE}.Debug|Any CPU.Build.0 = Debug|Any CPU
		{4C5EBB01-0CEC-4F6C-9674-1CF8895E53DE}.Release|Any CPU.ActiveCfg = Release|Any CPU
		{4C5EBB01-0CEC-4F6C-9674-1CF8895E53DE}.Release|Any CPU.Build.0 = Release|Any CPU
		{EF6F8EF8-0084-4D11-B002-AAC10C469CBD}.Debug|Any CPU.ActiveCfg = Debug|Any CPU
		{EF6F8EF8-0084-4D11-B002-AAC10C469CBD}.Debug|Any CPU.Build.0 = Debug|Any CPU
		{EF6F8EF8-0084-4D11-B002-AAC10C469CBD}.Release|Any CPU.ActiveCfg = Release|Any CPU
		{EF6F8EF8-0084-4D11-B002-AAC10C469CBD}.Release|Any CPU.Build.0 = Release|Any CPU
		{A962E4B4-28A8-43B0-87FC-9F49E5569D68}.Debug|Any CPU.ActiveCfg = Debug|Any CPU
		{A962E4B4-28A8-43B0-87FC-9F49E5569D68}.Debug|Any CPU.Build.0 = Debug|Any CPU
		{A962E4B4-28A8-43B0-87FC-9F49E5569D68}.Release|Any CPU.ActiveCfg = Release|Any CPU
		{A962E4B4-28A8-43B0-87FC-9F49E5569D68}.Release|Any CPU.Build.0 = Release|Any CPU
		{A76E58D8-BF74-4FE5-A27A-713CFA641D2F}.Debug|Any CPU.ActiveCfg = Debug|Any CPU
		{A76E58D8-BF74-4FE5-A27A-713CFA641D2F}.Debug|Any CPU.Build.0 = Debug|Any CPU
		{A76E58D8-BF74-4FE5-A27A-713CFA641D2F}.Release|Any CPU.ActiveCfg = Release|Any CPU
		{A76E58D8-BF74-4FE5-A27A-713CFA641D2F}.Release|Any CPU.Build.0 = Release|Any CPU
	EndGlobalSection
	GlobalSection(SolutionProperties) = preSolution
		HideSolutionNode = FALSE
	EndGlobalSection
EndGlobal
