
Microsoft Visual Studio Solution File, Format Version 12.00
# Visual Studio 14
VisualStudioVersion = 14.0.25420.1
MinimumVisualStudioVersion = 10.0.40219.1
Project("{FAE04EC0-301F-11D3-BF4B-00C04F79EFBC}") = "01.AvarageStudentsGrades", "01.AvarageStudentsGrades\01.AvarageStudentsGrades.csproj", "{4DAA74BB-F7B9-42EA-A421-D72FE8385A58}"
EndProject
Project("{FAE04EC0-301F-11D3-BF4B-00C04F79EFBC}") = "02.CitiesByContinentsAndCountry", "02.CitiesByContinentsAndCountry\02.CitiesByContinentsAndCountry.csproj", "{D6B56DEF-AC90-4C43-A909-BDEAE470499D}"
EndProject
Project("{FAE04EC0-301F-11D3-BF4B-00C04F79EFBC}") = "03.RecordUniqueNames", "03.RecordUniqueNames\03.RecordUniqueNames.csproj", "{B9A2D32C-7152-41C9-973E-21CD84A0172E}"
EndProject
Project("{FAE04EC0-301F-11D3-BF4B-00C04F79EFBC}") = "04.GroupContinentsCountriesCities", "04.GroupContinentsCountriesCities\04.GroupContinentsCountriesCities.csproj", "{A35A01D6-11FB-402F-816F-79865E564C96}"
EndProject
Project("{FAE04EC0-301F-11D3-BF4B-00C04F79EFBC}") = "ex01.Shellbound", "ex01.Shellbound\ex01.Shellbound.csproj", "{8E07B375-2AD2-4695-A70B-4E4B4567D816}"
EndProject
Global
	GlobalSection(SolutionConfigurationPlatforms) = preSolution
		Debug|Any CPU = Debug|Any CPU
		Release|Any CPU = Release|Any CPU
	EndGlobalSection
	GlobalSection(ProjectConfigurationPlatforms) = postSolution
		{4DAA74BB-F7B9-42EA-A421-D72FE8385A58}.Debug|Any CPU.ActiveCfg = Debug|Any CPU
		{4DAA74BB-F7B9-42EA-A421-D72FE8385A58}.Debug|Any CPU.Build.0 = Debug|Any CPU
		{4DAA74BB-F7B9-42EA-A421-D72FE8385A58}.Release|Any CPU.ActiveCfg = Release|Any CPU
		{4DAA74BB-F7B9-42EA-A421-D72FE8385A58}.Release|Any CPU.Build.0 = Release|Any CPU
		{D6B56DEF-AC90-4C43-A909-BDEAE470499D}.Debug|Any CPU.ActiveCfg = Debug|Any CPU
		{D6B56DEF-AC90-4C43-A909-BDEAE470499D}.Debug|Any CPU.Build.0 = Debug|Any CPU
		{D6B56DEF-AC90-4C43-A909-BDEAE470499D}.Release|Any CPU.ActiveCfg = Release|Any CPU
		{D6B56DEF-AC90-4C43-A909-BDEAE470499D}.Release|Any CPU.Build.0 = Release|Any CPU
		{B9A2D32C-7152-41C9-973E-21CD84A0172E}.Debug|Any CPU.ActiveCfg = Debug|Any CPU
		{B9A2D32C-7152-41C9-973E-21CD84A0172E}.Debug|Any CPU.Build.0 = Debug|Any CPU
		{B9A2D32C-7152-41C9-973E-21CD84A0172E}.Release|Any CPU.ActiveCfg = Release|Any CPU
		{B9A2D32C-7152-41C9-973E-21CD84A0172E}.Release|Any CPU.Build.0 = Release|Any CPU
		{A35A01D6-11FB-402F-816F-79865E564C96}.Debug|Any CPU.ActiveCfg = Debug|Any CPU
		{A35A01D6-11FB-402F-816F-79865E564C96}.Debug|Any CPU.Build.0 = Debug|Any CPU
		{A35A01D6-11FB-402F-816F-79865E564C96}.Release|Any CPU.ActiveCfg = Release|Any CPU
		{A35A01D6-11FB-402F-816F-79865E564C96}.Release|Any CPU.Build.0 = Release|Any CPU
		{8E07B375-2AD2-4695-A70B-4E4B4567D816}.Debug|Any CPU.ActiveCfg = Debug|Any CPU
		{8E07B375-2AD2-4695-A70B-4E4B4567D816}.Debug|Any CPU.Build.0 = Debug|Any CPU
		{8E07B375-2AD2-4695-A70B-4E4B4567D816}.Release|Any CPU.ActiveCfg = Release|Any CPU
		{8E07B375-2AD2-4695-A70B-4E4B4567D816}.Release|Any CPU.Build.0 = Release|Any CPU
	EndGlobalSection
	GlobalSection(SolutionProperties) = preSolution
		HideSolutionNode = FALSE
	EndGlobalSection
EndGlobal
