
Microsoft Visual Studio Solution File, Format Version 12.00
# Visual Studio 14
VisualStudioVersion = 14.0.25420.1
MinimumVisualStudioVersion = 10.0.40219.1
Project("{FAE04EC0-301F-11D3-BF4B-00C04F79EFBC}") = "01.SumMinMaxAverage", "SumMinMaxAverage\01.SumMinMaxAverage.csproj", "{3A5CC378-97B3-41FC-84C0-E865AEFE70F1}"
EndProject
Project("{FAE04EC0-301F-11D3-BF4B-00C04F79EFBC}") = "02.Largerst3Numbers", "02.Largerst3Numbers\02.Largerst3Numbers.csproj", "{E7118F09-D88E-42EF-B82C-18CC1222B672}"
EndProject
Project("{FAE04EC0-301F-11D3-BF4B-00C04F79EFBC}") = "03.ShortWordsSorted", "03.ShortWordsSorted\03.ShortWordsSorted.csproj", "{F8FB429E-1C80-4CE5-8E85-519D2ABD5A43}"
EndProject
Global
	GlobalSection(SolutionConfigurationPlatforms) = preSolution
		Debug|Any CPU = Debug|Any CPU
		Release|Any CPU = Release|Any CPU
	EndGlobalSection
	GlobalSection(ProjectConfigurationPlatforms) = postSolution
		{3A5CC378-97B3-41FC-84C0-E865AEFE70F1}.Debug|Any CPU.ActiveCfg = Debug|Any CPU
		{3A5CC378-97B3-41FC-84C0-E865AEFE70F1}.Debug|Any CPU.Build.0 = Debug|Any CPU
		{3A5CC378-97B3-41FC-84C0-E865AEFE70F1}.Release|Any CPU.ActiveCfg = Release|Any CPU
		{3A5CC378-97B3-41FC-84C0-E865AEFE70F1}.Release|Any CPU.Build.0 = Release|Any CPU
		{E7118F09-D88E-42EF-B82C-18CC1222B672}.Debug|Any CPU.ActiveCfg = Debug|Any CPU
		{E7118F09-D88E-42EF-B82C-18CC1222B672}.Debug|Any CPU.Build.0 = Debug|Any CPU
		{E7118F09-D88E-42EF-B82C-18CC1222B672}.Release|Any CPU.ActiveCfg = Release|Any CPU
		{E7118F09-D88E-42EF-B82C-18CC1222B672}.Release|Any CPU.Build.0 = Release|Any CPU
		{F8FB429E-1C80-4CE5-8E85-519D2ABD5A43}.Debug|Any CPU.ActiveCfg = Debug|Any CPU
		{F8FB429E-1C80-4CE5-8E85-519D2ABD5A43}.Debug|Any CPU.Build.0 = Debug|Any CPU
		{F8FB429E-1C80-4CE5-8E85-519D2ABD5A43}.Release|Any CPU.ActiveCfg = Release|Any CPU
		{F8FB429E-1C80-4CE5-8E85-519D2ABD5A43}.Release|Any CPU.Build.0 = Release|Any CPU
	EndGlobalSection
	GlobalSection(SolutionProperties) = preSolution
		HideSolutionNode = FALSE
	EndGlobalSection
EndGlobal
