
Microsoft Visual Studio Solution File, Format Version 12.00
# Visual Studio 14
VisualStudioVersion = 14.0.25420.1
MinimumVisualStudioVersion = 10.0.40219.1
Project("{FAE04EC0-301F-11D3-BF4B-00C04F79EFBC}") = "Test1.01.SinoTheWalker", "Test1.01.SinoTheWalker\Test1.01.SinoTheWalker.csproj", "{2A198B01-7047-487C-8E20-7F6D53790581}"
EndProject
Project("{FAE04EC0-301F-11D3-BF4B-00C04F79EFBC}") = "Test1.02.SoftUniKaraoke", "Test1.02.SoftUniKaraoke\Test1.02.SoftUniKaraoke.csproj", "{2DC40E31-2CB8-4070-B75B-0110F7205173}"
EndProject
Project("{FAE04EC0-301F-11D3-BF4B-00C04F79EFBC}") = "Test1.03.EnduranceRally", "Test1.03.EnduranceRally\Test1.03.EnduranceRally.csproj", "{6336D873-5405-46CB-BBC1-FA771CEB0B95}"
EndProject
Project("{FAE04EC0-301F-11D3-BF4B-00C04F79EFBC}") = "Test1.04.WinningTickets", "Test1.04.WinningTickets\Test1.04.WinningTickets.csproj", "{9926E906-2D78-4538-94AA-6D7DF34A3AB8}"
EndProject
Project("{FAE04EC0-301F-11D3-BF4B-00C04F79EFBC}") = "Test2.01.CharityMarathon", "Test2.01.ChariryMarathon\Test2.01.CharityMarathon.csproj", "{D08A207A-C0C0-4691-B6CC-4FD65D14F3C0}"
EndProject
Global
	GlobalSection(SolutionConfigurationPlatforms) = preSolution
		Debug|Any CPU = Debug|Any CPU
		Release|Any CPU = Release|Any CPU
	EndGlobalSection
	GlobalSection(ProjectConfigurationPlatforms) = postSolution
		{2A198B01-7047-487C-8E20-7F6D53790581}.Debug|Any CPU.ActiveCfg = Debug|Any CPU
		{2A198B01-7047-487C-8E20-7F6D53790581}.Debug|Any CPU.Build.0 = Debug|Any CPU
		{2A198B01-7047-487C-8E20-7F6D53790581}.Release|Any CPU.ActiveCfg = Release|Any CPU
		{2A198B01-7047-487C-8E20-7F6D53790581}.Release|Any CPU.Build.0 = Release|Any CPU
		{2DC40E31-2CB8-4070-B75B-0110F7205173}.Debug|Any CPU.ActiveCfg = Debug|Any CPU
		{2DC40E31-2CB8-4070-B75B-0110F7205173}.Debug|Any CPU.Build.0 = Debug|Any CPU
		{2DC40E31-2CB8-4070-B75B-0110F7205173}.Release|Any CPU.ActiveCfg = Release|Any CPU
		{2DC40E31-2CB8-4070-B75B-0110F7205173}.Release|Any CPU.Build.0 = Release|Any CPU
		{6336D873-5405-46CB-BBC1-FA771CEB0B95}.Debug|Any CPU.ActiveCfg = Debug|Any CPU
		{6336D873-5405-46CB-BBC1-FA771CEB0B95}.Debug|Any CPU.Build.0 = Debug|Any CPU
		{6336D873-5405-46CB-BBC1-FA771CEB0B95}.Release|Any CPU.ActiveCfg = Release|Any CPU
		{6336D873-5405-46CB-BBC1-FA771CEB0B95}.Release|Any CPU.Build.0 = Release|Any CPU
		{9926E906-2D78-4538-94AA-6D7DF34A3AB8}.Debug|Any CPU.ActiveCfg = Debug|Any CPU
		{9926E906-2D78-4538-94AA-6D7DF34A3AB8}.Debug|Any CPU.Build.0 = Debug|Any CPU
		{9926E906-2D78-4538-94AA-6D7DF34A3AB8}.Release|Any CPU.ActiveCfg = Release|Any CPU
		{9926E906-2D78-4538-94AA-6D7DF34A3AB8}.Release|Any CPU.Build.0 = Release|Any CPU
		{D08A207A-C0C0-4691-B6CC-4FD65D14F3C0}.Debug|Any CPU.ActiveCfg = Debug|Any CPU
		{D08A207A-C0C0-4691-B6CC-4FD65D14F3C0}.Debug|Any CPU.Build.0 = Debug|Any CPU
		{D08A207A-C0C0-4691-B6CC-4FD65D14F3C0}.Release|Any CPU.ActiveCfg = Release|Any CPU
		{D08A207A-C0C0-4691-B6CC-4FD65D14F3C0}.Release|Any CPU.Build.0 = Release|Any CPU
	EndGlobalSection
	GlobalSection(SolutionProperties) = preSolution
		HideSolutionNode = FALSE
	EndGlobalSection
EndGlobal
